// !$*UTF8*$!
{
	archiveVersion = 1;
	classes = {
	};
	objectVersion = 77;
	objects = {

/* Begin PBXBuildFile section */
		102FD6464C9986436F343468 /* TimeFormatter.swift in Sources */ = {isa = PBXBuildFile; fileRef = 96FB5F87CC1FC563F5DD517C /* TimeFormatter.swift */; };
		11989CC76154761BA2646757 /* SongRow.swift in Sources */ = {isa = PBXBuildFile; fileRef = 6DD32FAA734EC6A5A0CF1FF2 /* SongRow.swift */; };
		1471207629CAF35C045053CB /* SongsView.swift in Sources */ = {isa = PBXBuildFile; fileRef = 1ADF5495D9016CC14CF813D7 /* SongsView.swift */; };
		1602F4B8A8CA85A0F5FE1CC1 /* MiniPlayerView.swift in Sources */ = {isa = PBXBuildFile; fileRef = A46F9FF64BE093413540CE2E /* MiniPlayerView.swift */; };
		19F31C1DB1481FECDEBD3A27 /* AlbumsView.swift in Sources */ = {isa = PBXBuildFile; fileRef = 56D9C90CB3DD14B42AFBFC4F /* AlbumsView.swift */; };
		216C4C95ED9D2F5904D8110E /* AlbumCoverView.swift in Sources */ = {isa = PBXBuildFile; fileRef = D5D716AA0245E44F6CC93250 /* AlbumCoverView.swift */; };
		2B69C4E7F3394F140ED6EFC1 /* LoginView.swift in Sources */ = {isa = PBXBuildFile; fileRef = 71E7E258E14CD579CDDEE6CD /* LoginView.swift */; };
		2E33A8EAA044E78793D50128 /* Playlist.swift in Sources */ = {isa = PBXBuildFile; fileRef = 711DE405B5B04887595D53A5 /* Playlist.swift */; };
		2F4E13AE13DA82277CDEFFA7 /* APIClientTests.swift in Sources */ = {isa = PBXBuildFile; fileRef = 0DF8829142AAE6D20DA9CAB6 /* APIClientTests.swift */; };
		2F667D11E35867154AA4F6D0 /* SettingsView.swift in Sources */ = {isa = PBXBuildFile; fileRef = 39BDC38ED72CE55E90287324 /* SettingsView.swift */; };
		3829F70245574E97ED236FBB /* CachingPlayerItem in Frameworks */ = {isa = PBXBuildFile; productRef = 17815BE897ABD1B57BF82153 /* CachingPlayerItem */; };
		3B15F3F891DA63D84FCF1665 /* PlaylistDetailView.swift in Sources */ = {isa = PBXBuildFile; fileRef = F1CFB7A198CA8EF7B44F9D29 /* PlaylistDetailView.swift */; };
		40B330F37ADD8DD583D8190E /* MainTabView.swift in Sources */ = {isa = PBXBuildFile; fileRef = 7CD9B478DFD78B6088F39B79 /* MainTabView.swift */; };
		42289641F9DAE76FA1AFBF26 /* GenresView.swift in Sources */ = {isa = PBXBuildFile; fileRef = 5F61ECFEA6A0B8FB79EDDF95 /* GenresView.swift */; };
		46682F6F3FC90C7F054653A6 /* PlaylistViewModel.swift in Sources */ = {isa = PBXBuildFile; fileRef = 555FC0B00A2F49B0554DCDD1 /* PlaylistViewModel.swift */; };
		48AEF2FEC7B42309BCAE0F48 /* ServerInfo.swift in Sources */ = {isa = PBXBuildFile; fileRef = D64DD0C5D18E7A85682C775D /* ServerInfo.swift */; };
		7EBADD9C6DC8419B8D280312 /* AudioPlayer.swift in Sources */ = {isa = PBXBuildFile; fileRef = 96E6E266E7FFA3C321C3E550 /* AudioPlayer.swift */; };
		7F50741BFAEE2186DD09E868 /* KeychainService.swift in Sources */ = {isa = PBXBuildFile; fileRef = A82FFD165ABA5C2102454ADF /* KeychainService.swift */; };
		81E5D7D05CACD952C78FC2E7 /* AudioCacheTests.swift in Sources */ = {isa = PBXBuildFile; fileRef = 0ABD76FBC7093E0DC46EB904 /* AudioCacheTests.swift */; };
		900FBC4914B7C4585E8A82C7 /* ArtistsView.swift in Sources */ = {isa = PBXBuildFile; fileRef = 0B3FC90AD96E1C2D181563C1 /* ArtistsView.swift */; };
		96C259205010D40C42B102C1 /* PlaylistEditorView.swift in Sources */ = {isa = PBXBuildFile; fileRef = BE85CE5286BB4C231F294B09 /* PlaylistEditorView.swift */; };
		9B3D510964D0262A5582C520 /* ModelsTests.swift in Sources */ = {isa = PBXBuildFile; fileRef = 0AB263BB03BEB0B70AEC71D1 /* ModelsTests.swift */; };
		9BD8A53FA700AA8E2A27D4BD /* FullPlayerView.swift in Sources */ = {isa = PBXBuildFile; fileRef = EF89BFD657D3E0CD04F75A39 /* FullPlayerView.swift */; };
		A1D2B9CD84C35F5C9A5261FA /* PlaylistsView.swift in Sources */ = {isa = PBXBuildFile; fileRef = AD77F6327B1DB76449780C78 /* PlaylistsView.swift */; };
		AB5E15B70D993B6DE98CFC14 /* CanaryApp.swift in Sources */ = {isa = PBXBuildFile; fileRef = 725520A6B4CBBD93D7A18E4D /* CanaryApp.swift */; };
		ABE8EE76DC5CA549CAF23A4C /* CoverImageCache.swift in Sources */ = {isa = PBXBuildFile; fileRef = 5E90031AE5C3DE69C77EABD2 /* CoverImageCache.swift */; };
		B291CBE850627D287385844F /* APIClient.swift in Sources */ = {isa = PBXBuildFile; fileRef = F556322036515862408F0D1D /* APIClient.swift */; };
		C66D37FDA0F9451F4672ADE4 /* AudioCache.swift in Sources */ = {isa = PBXBuildFile; fileRef = C7AB7BB6DACEBC81ADFA7D63 /* AudioCache.swift */; };
		C6F9FCA7CCC235B0C38D804A /* TimeFormatterTests.swift in Sources */ = {isa = PBXBuildFile; fileRef = 25E2133B62265C325CD5D9B9 /* TimeFormatterTests.swift */; };
		CFF65147825A06B1C98C5E8E /* AddToPlaylistSheet.swift in Sources */ = {isa = PBXBuildFile; fileRef = 19CC1E4D9D2E674CA11A7137 /* AddToPlaylistSheet.swift */; };
		DD363A5901C09F39880500A1 /* LibraryViewModelTests.swift in Sources */ = {isa = PBXBuildFile; fileRef = DAE0566742C6A3330ABB198F /* LibraryViewModelTests.swift */; };
		DFE921E646F067F5C30CDF05 /* Song.swift in Sources */ = {isa = PBXBuildFile; fileRef = 273F3C4886A2D08C32FADB21 /* Song.swift */; };
		EFD75BD352DFABB7C3F1C030 /* Assets.xcassets in Resources */ = {isa = PBXBuildFile; fileRef = AEC013429986C8C3BC8A5D79 /* Assets.xcassets */; };
		F0BA0A062792294330C6A773 /* LibraryViewModel.swift in Sources */ = {isa = PBXBuildFile; fileRef = A83331BC1318A6649764CDC0 /* LibraryViewModel.swift */; };
/* End PBXBuildFile section */

/* Begin PBXContainerItemProxy section */
		B6251D1FCC173B8917257F8C /* PBXContainerItemProxy */ = {
			isa = PBXContainerItemProxy;
			containerPortal = 75A328CC5EA57DA2FBFC4ECB /* Project object */;
			proxyType = 1;
			remoteGlobalIDString = DA93D71D7E293C6FF67F130C;
			remoteInfo = Canary;
		};
/* End PBXContainerItemProxy section */

/* Begin PBXFileReference section */
		0AB263BB03BEB0B70AEC71D1 /* ModelsTests.swift */ = {isa = PBXFileReference; lastKnownFileType = sourcecode.swift; path = ModelsTests.swift; sourceTree = "<group>"; };
		0ABD76FBC7093E0DC46EB904 /* AudioCacheTests.swift */ = {isa = PBXFileReference; lastKnownFileType = sourcecode.swift; path = AudioCacheTests.swift; sourceTree = "<group>"; };
		0B3FC90AD96E1C2D181563C1 /* ArtistsView.swift */ = {isa = PBXFileReference; lastKnownFileType = sourcecode.swift; path = ArtistsView.swift; sourceTree = "<group>"; };
		0DF8829142AAE6D20DA9CAB6 /* APIClientTests.swift */ = {isa = PBXFileReference; lastKnownFileType = sourcecode.swift; path = APIClientTests.swift; sourceTree = "<group>"; };
		19CC1E4D9D2E674CA11A7137 /* AddToPlaylistSheet.swift */ = {isa = PBXFileReference; lastKnownFileType = sourcecode.swift; path = AddToPlaylistSheet.swift; sourceTree = "<group>"; };
		1ADF5495D9016CC14CF813D7 /* SongsView.swift */ = {isa = PBXFileReference; lastKnownFileType = sourcecode.swift; path = SongsView.swift; sourceTree = "<group>"; };
		1D5302458D7FDC528549C9DA /* Canary.app */ = {isa = PBXFileReference; explicitFileType = wrapper.application; includeInIndex = 0; path = Canary.app; sourceTree = BUILT_PRODUCTS_DIR; };
		25E2133B62265C325CD5D9B9 /* TimeFormatterTests.swift */ = {isa = PBXFileReference; lastKnownFileType = sourcecode.swift; path = TimeFormatterTests.swift; sourceTree = "<group>"; };
		273F3C4886A2D08C32FADB21 /* Song.swift */ = {isa = PBXFileReference; lastKnownFileType = sourcecode.swift; path = Song.swift; sourceTree = "<group>"; };
		39BDC38ED72CE55E90287324 /* SettingsView.swift */ = {isa = PBXFileReference; lastKnownFileType = sourcecode.swift; path = SettingsView.swift; sourceTree = "<group>"; };
		555FC0B00A2F49B0554DCDD1 /* PlaylistViewModel.swift */ = {isa = PBXFileReference; lastKnownFileType = sourcecode.swift; path = PlaylistViewModel.swift; sourceTree = "<group>"; };
		56D9C90CB3DD14B42AFBFC4F /* AlbumsView.swift */ = {isa = PBXFileReference; lastKnownFileType = sourcecode.swift; path = AlbumsView.swift; sourceTree = "<group>"; };
		5E90031AE5C3DE69C77EABD2 /* CoverImageCache.swift */ = {isa = PBXFileReference; lastKnownFileType = sourcecode.swift; path = CoverImageCache.swift; sourceTree = "<group>"; };
		5F61ECFEA6A0B8FB79EDDF95 /* GenresView.swift */ = {isa = PBXFileReference; lastKnownFileType = sourcecode.swift; path = GenresView.swift; sourceTree = "<group>"; };
		6DD32FAA734EC6A5A0CF1FF2 /* SongRow.swift */ = {isa = PBXFileReference; lastKnownFileType = sourcecode.swift; path = SongRow.swift; sourceTree = "<group>"; };
		711DE405B5B04887595D53A5 /* Playlist.swift */ = {isa = PBXFileReference; lastKnownFileType = sourcecode.swift; path = Playlist.swift; sourceTree = "<group>"; };
		71E7E258E14CD579CDDEE6CD /* LoginView.swift */ = {isa = PBXFileReference; lastKnownFileType = sourcecode.swift; path = LoginView.swift; sourceTree = "<group>"; };
		725520A6B4CBBD93D7A18E4D /* CanaryApp.swift */ = {isa = PBXFileReference; lastKnownFileType = sourcecode.swift; path = CanaryApp.swift; sourceTree = "<group>"; };
		7AE40BC23AC05AD3C3C2BAAE /* CanaryTests.xctest */ = {isa = PBXFileReference; includeInIndex = 0; lastKnownFileType = wrapper.cfbundle; path = CanaryTests.xctest; sourceTree = BUILT_PRODUCTS_DIR; };
		7CD9B478DFD78B6088F39B79 /* MainTabView.swift */ = {isa = PBXFileReference; lastKnownFileType = sourcecode.swift; path = MainTabView.swift; sourceTree = "<group>"; };
		96E6E266E7FFA3C321C3E550 /* AudioPlayer.swift */ = {isa = PBXFileReference; lastKnownFileType = sourcecode.swift; path = AudioPlayer.swift; sourceTree = "<group>"; };
		96FB5F87CC1FC563F5DD517C /* TimeFormatter.swift */ = {isa = PBXFileReference; lastKnownFileType = sourcecode.swift; path = TimeFormatter.swift; sourceTree = "<group>"; };
		A46F9FF64BE093413540CE2E /* MiniPlayerView.swift */ = {isa = PBXFileReference; lastKnownFileType = sourcecode.swift; path = MiniPlayerView.swift; sourceTree = "<group>"; };
		A82FFD165ABA5C2102454ADF /* KeychainService.swift */ = {isa = PBXFileReference; lastKnownFileType = sourcecode.swift; path = KeychainService.swift; sourceTree = "<group>"; };
		A83331BC1318A6649764CDC0 /* LibraryViewModel.swift */ = {isa = PBXFileReference; lastKnownFileType = sourcecode.swift; path = LibraryViewModel.swift; sourceTree = "<group>"; };
		AD77F6327B1DB76449780C78 /* PlaylistsView.swift */ = {isa = PBXFileReference; lastKnownFileType = sourcecode.swift; path = PlaylistsView.swift; sourceTree = "<group>"; };
		AEC013429986C8C3BC8A5D79 /* Assets.xcassets */ = {isa = PBXFileReference; lastKnownFileType = folder.assetcatalog; path = Assets.xcassets; sourceTree = "<group>"; };
		B0EF10CFAAE59F4FADF0D572 /* Info.plist */ = {isa = PBXFileReference; lastKnownFileType = text.plist; path = Info.plist; sourceTree = "<group>"; };
		BE85CE5286BB4C231F294B09 /* PlaylistEditorView.swift */ = {isa = PBXFileReference; lastKnownFileType = sourcecode.swift; path = PlaylistEditorView.swift; sourceTree = "<group>"; };
		C7AB7BB6DACEBC81ADFA7D63 /* AudioCache.swift */ = {isa = PBXFileReference; lastKnownFileType = sourcecode.swift; path = AudioCache.swift; sourceTree = "<group>"; };
		D5D716AA0245E44F6CC93250 /* AlbumCoverView.swift */ = {isa = PBXFileReference; lastKnownFileType = sourcecode.swift; path = AlbumCoverView.swift; sourceTree = "<group>"; };
		D64DD0C5D18E7A85682C775D /* ServerInfo.swift */ = {isa = PBXFileReference; lastKnownFileType = sourcecode.swift; path = ServerInfo.swift; sourceTree = "<group>"; };
		DAE0566742C6A3330ABB198F /* LibraryViewModelTests.swift */ = {isa = PBXFileReference; lastKnownFileType = sourcecode.swift; path = LibraryViewModelTests.swift; sourceTree = "<group>"; };
		EF89BFD657D3E0CD04F75A39 /* FullPlayerView.swift */ = {isa = PBXFileReference; lastKnownFileType = sourcecode.swift; path = FullPlayerView.swift; sourceTree = "<group>"; };
		F1CFB7A198CA8EF7B44F9D29 /* PlaylistDetailView.swift */ = {isa = PBXFileReference; lastKnownFileType = sourcecode.swift; path = PlaylistDetailView.swift; sourceTree = "<group>"; };
		F556322036515862408F0D1D /* APIClient.swift */ = {isa = PBXFileReference; lastKnownFileType = sourcecode.swift; path = APIClient.swift; sourceTree = "<group>"; };
/* End PBXFileReference section */

/* Begin PBXFrameworksBuildPhase section */
		52B849CB1A2B8CF24E4F7692 /* Frameworks */ = {
			isa = PBXFrameworksBuildPhase;
			buildActionMask = 2147483647;
			files = (
				3829F70245574E97ED236FBB /* CachingPlayerItem in Frameworks */,
			);
			runOnlyForDeploymentPostprocessing = 0;
		};
/* End PBXFrameworksBuildPhase section */

/* Begin PBXGroup section */
		06F94F05A036D8A67EC5F3C9 /* ViewModels */ = {
			isa = PBXGroup;
			children = (
				A83331BC1318A6649764CDC0 /* LibraryViewModel.swift */,
				555FC0B00A2F49B0554DCDD1 /* PlaylistViewModel.swift */,
			);
			path = ViewModels;
			sourceTree = "<group>";
		};
		1560B9D96ED96E13DD5CE119 /* Models */ = {
			isa = PBXGroup;
			children = (
				711DE405B5B04887595D53A5 /* Playlist.swift */,
				D64DD0C5D18E7A85682C775D /* ServerInfo.swift */,
				273F3C4886A2D08C32FADB21 /* Song.swift */,
			);
			path = Models;
			sourceTree = "<group>";
		};
		2A9EB34EEEA02DAC05E73C70 = {
			isa = PBXGroup;
			children = (
				3A73DB33646E20ED9E3E2C5D /* Canary */,
				E256F280850A05EB98DAB91D /* CanaryTests */,
				6BA2121B52538B24ECFBB9E1 /* Products */,
			);
			sourceTree = "<group>";
		};
		3A73DB33646E20ED9E3E2C5D /* Canary */ = {
			isa = PBXGroup;
			children = (
				1560B9D96ED96E13DD5CE119 /* Models */,
				A16630B44CB54F1C247B4BA9 /* Services */,
				556465F0B3A1B0DFA6B9CDA2 /* Utilities */,
				06F94F05A036D8A67EC5F3C9 /* ViewModels */,
				C1609E6E1365D9524A830B68 /* Views */,
				AEC013429986C8C3BC8A5D79 /* Assets.xcassets */,
				725520A6B4CBBD93D7A18E4D /* CanaryApp.swift */,
				B0EF10CFAAE59F4FADF0D572 /* Info.plist */,
			);
			path = Canary;
			sourceTree = "<group>";
		};
		556465F0B3A1B0DFA6B9CDA2 /* Utilities */ = {
			isa = PBXGroup;
			children = (
				96FB5F87CC1FC563F5DD517C /* TimeFormatter.swift */,
			);
			path = Utilities;
			sourceTree = "<group>";
		};
		6BA2121B52538B24ECFBB9E1 /* Products */ = {
			isa = PBXGroup;
			children = (
				1D5302458D7FDC528549C9DA /* Canary.app */,
				7AE40BC23AC05AD3C3C2BAAE /* CanaryTests.xctest */,
			);
			name = Products;
			sourceTree = "<group>";
		};
		A16630B44CB54F1C247B4BA9 /* Services */ = {
			isa = PBXGroup;
			children = (
				F556322036515862408F0D1D /* APIClient.swift */,
				C7AB7BB6DACEBC81ADFA7D63 /* AudioCache.swift */,
				96E6E266E7FFA3C321C3E550 /* AudioPlayer.swift */,
				5E90031AE5C3DE69C77EABD2 /* CoverImageCache.swift */,
				A82FFD165ABA5C2102454ADF /* KeychainService.swift */,
			);
			path = Services;
			sourceTree = "<group>";
		};
		C1609E6E1365D9524A830B68 /* Views */ = {
			isa = PBXGroup;
			children = (
				19CC1E4D9D2E674CA11A7137 /* AddToPlaylistSheet.swift */,
				D5D716AA0245E44F6CC93250 /* AlbumCoverView.swift */,
				56D9C90CB3DD14B42AFBFC4F /* AlbumsView.swift */,
				0B3FC90AD96E1C2D181563C1 /* ArtistsView.swift */,
				EF89BFD657D3E0CD04F75A39 /* FullPlayerView.swift */,
				5F61ECFEA6A0B8FB79EDDF95 /* GenresView.swift */,
				71E7E258E14CD579CDDEE6CD /* LoginView.swift */,
				7CD9B478DFD78B6088F39B79 /* MainTabView.swift */,
				A46F9FF64BE093413540CE2E /* MiniPlayerView.swift */,
				F1CFB7A198CA8EF7B44F9D29 /* PlaylistDetailView.swift */,
				BE85CE5286BB4C231F294B09 /* PlaylistEditorView.swift */,
				AD77F6327B1DB76449780C78 /* PlaylistsView.swift */,
				39BDC38ED72CE55E90287324 /* SettingsView.swift */,
				6DD32FAA734EC6A5A0CF1FF2 /* SongRow.swift */,
				1ADF5495D9016CC14CF813D7 /* SongsView.swift */,
			);
			path = Views;
			sourceTree = "<group>";
		};
		E256F280850A05EB98DAB91D /* CanaryTests */ = {
			isa = PBXGroup;
			children = (
				0DF8829142AAE6D20DA9CAB6 /* APIClientTests.swift */,
				0ABD76FBC7093E0DC46EB904 /* AudioCacheTests.swift */,
				DAE0566742C6A3330ABB198F /* LibraryViewModelTests.swift */,
				0AB263BB03BEB0B70AEC71D1 /* ModelsTests.swift */,
				25E2133B62265C325CD5D9B9 /* TimeFormatterTests.swift */,
			);
			path = CanaryTests;
			sourceTree = "<group>";
		};
/* End PBXGroup section */

/* Begin PBXNativeTarget section */
		08D7B7A8E934DBBF3A3BD864 /* CanaryTests */ = {
			isa = PBXNativeTarget;
			buildConfigurationList = BB10E822D135F2B2C705CB27 /* Build configuration list for PBXNativeTarget "CanaryTests" */;
			buildPhases = (
				32C32387C5293A6C36457D64 /* Sources */,
			);
			buildRules = (
			);
			dependencies = (
				5E641F966B405896C6764EA4 /* PBXTargetDependency */,
			);
			name = CanaryTests;
			packageProductDependencies = (
			);
			productName = CanaryTests;
			productReference = 7AE40BC23AC05AD3C3C2BAAE /* CanaryTests.xctest */;
			productType = "com.apple.product-type.bundle.unit-test";
		};
		DA93D71D7E293C6FF67F130C /* Canary */ = {
			isa = PBXNativeTarget;
			buildConfigurationList = E1B4491EAD06AFF498E24E84 /* Build configuration list for PBXNativeTarget "Canary" */;
			buildPhases = (
				A173F3F1C6EE1940DDF99144 /* Sources */,
				D458BCC5FD65B3D490B1B4C1 /* Resources */,
				52B849CB1A2B8CF24E4F7692 /* Frameworks */,
			);
			buildRules = (
			);
			dependencies = (
			);
			name = Canary;
			packageProductDependencies = (
				17815BE897ABD1B57BF82153 /* CachingPlayerItem */,
			);
			productName = Canary;
			productReference = 1D5302458D7FDC528549C9DA /* Canary.app */;
			productType = "com.apple.product-type.application";
		};
/* End PBXNativeTarget section */

/* Begin PBXProject section */
		75A328CC5EA57DA2FBFC4ECB /* Project object */ = {
			isa = PBXProject;
			attributes = {
				BuildIndependentTargetsInParallel = YES;
				LastUpgradeCheck = 1600;
			};
			buildConfigurationList = C8A67421C9BC1A3EC8ECE0DD /* Build configuration list for PBXProject "Canary" */;
			developmentRegion = en;
			hasScannedForEncodings = 0;
			knownRegions = (
				Base,
				en,
			);
			mainGroup = 2A9EB34EEEA02DAC05E73C70;
			minimizedProjectReferenceProxies = 1;
			packageReferences = (
				69F1395E0C911A8DF691A4A3 /* XCRemoteSwiftPackageReference "CachingPlayerItem" */,
			);
			preferredProjectObjectVersion = 77;
			productRefGroup = 6BA2121B52538B24ECFBB9E1 /* Products */;
			projectDirPath = "";
			projectRoot = "";
			targets = (
				DA93D71D7E293C6FF67F130C /* Canary */,
				08D7B7A8E934DBBF3A3BD864 /* CanaryTests */,
			);
		};
/* End PBXProject section */

/* Begin PBXResourcesBuildPhase section */
		D458BCC5FD65B3D490B1B4C1 /* Resources */ = {
			isa = PBXResourcesBuildPhase;
			buildActionMask = 2147483647;
			files = (
				EFD75BD352DFABB7C3F1C030 /* Assets.xcassets in Resources */,
			);
			runOnlyForDeploymentPostprocessing = 0;
		};
/* End PBXResourcesBuildPhase section */

/* Begin PBXSourcesBuildPhase section */
		32C32387C5293A6C36457D64 /* Sources */ = {
			isa = PBXSourcesBuildPhase;
			buildActionMask = 2147483647;
			files = (
				2F4E13AE13DA82277CDEFFA7 /* APIClientTests.swift in Sources */,
				81E5D7D05CACD952C78FC2E7 /* AudioCacheTests.swift in Sources */,
				DD363A5901C09F39880500A1 /* LibraryViewModelTests.swift in Sources */,
				9B3D510964D0262A5582C520 /* ModelsTests.swift in Sources */,
				C6F9FCA7CCC235B0C38D804A /* TimeFormatterTests.swift in Sources */,
			);
			runOnlyForDeploymentPostprocessing = 0;
		};
		A173F3F1C6EE1940DDF99144 /* Sources */ = {
			isa = PBXSourcesBuildPhase;
			buildActionMask = 2147483647;
			files = (
				B291CBE850627D287385844F /* APIClient.swift in Sources */,
				CFF65147825A06B1C98C5E8E /* AddToPlaylistSheet.swift in Sources */,
				216C4C95ED9D2F5904D8110E /* AlbumCoverView.swift in Sources */,
				19F31C1DB1481FECDEBD3A27 /* AlbumsView.swift in Sources */,
				900FBC4914B7C4585E8A82C7 /* ArtistsView.swift in Sources */,
				C66D37FDA0F9451F4672ADE4 /* AudioCache.swift in Sources */,
				7EBADD9C6DC8419B8D280312 /* AudioPlayer.swift in Sources */,
				AB5E15B70D993B6DE98CFC14 /* CanaryApp.swift in Sources */,
				ABE8EE76DC5CA549CAF23A4C /* CoverImageCache.swift in Sources */,
				9BD8A53FA700AA8E2A27D4BD /* FullPlayerView.swift in Sources */,
				42289641F9DAE76FA1AFBF26 /* GenresView.swift in Sources */,
				7F50741BFAEE2186DD09E868 /* KeychainService.swift in Sources */,
				F0BA0A062792294330C6A773 /* LibraryViewModel.swift in Sources */,
				2B69C4E7F3394F140ED6EFC1 /* LoginView.swift in Sources */,
				40B330F37ADD8DD583D8190E /* MainTabView.swift in Sources */,
				1602F4B8A8CA85A0F5FE1CC1 /* MiniPlayerView.swift in Sources */,
				2E33A8EAA044E78793D50128 /* Playlist.swift in Sources */,
				3B15F3F891DA63D84FCF1665 /* PlaylistDetailView.swift in Sources */,
				96C259205010D40C42B102C1 /* PlaylistEditorView.swift in Sources */,
				46682F6F3FC90C7F054653A6 /* PlaylistViewModel.swift in Sources */,
				A1D2B9CD84C35F5C9A5261FA /* PlaylistsView.swift in Sources */,
				48AEF2FEC7B42309BCAE0F48 /* ServerInfo.swift in Sources */,
				2F667D11E35867154AA4F6D0 /* SettingsView.swift in Sources */,
				DFE921E646F067F5C30CDF05 /* Song.swift in Sources */,
				11989CC76154761BA2646757 /* SongRow.swift in Sources */,
				1471207629CAF35C045053CB /* SongsView.swift in Sources */,
				102FD6464C9986436F343468 /* TimeFormatter.swift in Sources */,
			);
			runOnlyForDeploymentPostprocessing = 0;
		};
/* End PBXSourcesBuildPhase section */

/* Begin PBXTargetDependency section */
		5E641F966B405896C6764EA4 /* PBXTargetDependency */ = {
			isa = PBXTargetDependency;
			target = DA93D71D7E293C6FF67F130C /* Canary */;
			targetProxy = B6251D1FCC173B8917257F8C /* PBXContainerItemProxy */;
		};
/* End PBXTargetDependency section */

/* Begin XCBuildConfiguration section */
		2DB84029A9FAEF5101F31778 /* Debug */ = {
			isa = XCBuildConfiguration;
			buildSettings = {
				ASSETCATALOG_COMPILER_APPICON_NAME = AppIcon;
				CODE_SIGN_IDENTITY = "iPhone Developer";
				CURRENT_PROJECT_VERSION = 1;
				DEVELOPMENT_TEAM = "";
				INFOPLIST_FILE = Canary/Info.plist;
				LD_RUNPATH_SEARCH_PATHS = (
					"$(inherited)",
					"@executable_path/Frameworks",
				);
				MARKETING_VERSION = 1.0.0;
				PRODUCT_BUNDLE_IDENTIFIER = org.woong.canary;
				SDKROOT = iphoneos;
				SWIFT_VERSION = 6.0;
				TARGETED_DEVICE_FAMILY = "1,2";
			};
			name = Debug;
		};
		6F395CDEBFD0BE6E4083B94F /* Release */ = {
			isa = XCBuildConfiguration;
			buildSettings = {
				BUNDLE_LOADER = "$(TEST_HOST)";
				LD_RUNPATH_SEARCH_PATHS = (
					"$(inherited)",
					"@executable_path/Frameworks",
					"@loader_path/Frameworks",
				);
				PRODUCT_BUNDLE_IDENTIFIER = org.woong.canary.CanaryTests;
				SDKROOT = iphoneos;
				SWIFT_VERSION = 6.0;
				TARGETED_DEVICE_FAMILY = "1,2";
				TEST_HOST = "$(BUILT_PRODUCTS_DIR)/Canary.app/Canary";
			};
			name = Release;
		};
		9B3AC3CB736E3E2316C3DC55 /* Release */ = {
			isa = XCBuildConfiguration;
			buildSettings = {
				ALWAYS_SEARCH_USER_PATHS = NO;
				CLANG_ANALYZER_NONNULL = YES;
				CLANG_ANALYZER_NUMBER_OBJECT_CONVERSION = YES_AGGRESSIVE;
				CLANG_CXX_LANGUAGE_STANDARD = "gnu++14";
				CLANG_CXX_LIBRARY = "libc++";
				CLANG_ENABLE_MODULES = YES;
				CLANG_ENABLE_OBJC_ARC = YES;
				CLANG_ENABLE_OBJC_WEAK = YES;
				CLANG_WARN_BLOCK_CAPTURE_AUTORELEASING = YES;
				CLANG_WARN_BOOL_CONVERSION = YES;
				CLANG_WARN_COMMA = YES;
				CLANG_WARN_CONSTANT_CONVERSION = YES;
				CLANG_WARN_DEPRECATED_OBJC_IMPLEMENTATIONS = YES;
				CLANG_WARN_DIRECT_OBJC_ISA_USAGE = YES_ERROR;
				CLANG_WARN_DOCUMENTATION_COMMENTS = YES;
				CLANG_WARN_EMPTY_BODY = YES;
				CLANG_WARN_ENUM_CONVERSION = YES;
				CLANG_WARN_INFINITE_RECURSION = YES;
				CLANG_WARN_INT_CONVERSION = YES;
				CLANG_WARN_NON_LITERAL_NULL_CONVERSION = YES;
				CLANG_WARN_OBJC_IMPLICIT_RETAIN_SELF = YES;
				CLANG_WARN_OBJC_LITERAL_CONVERSION = YES;
				CLANG_WARN_OBJC_ROOT_CLASS = YES_ERROR;
				CLANG_WARN_QUOTED_INCLUDE_IN_FRAMEWORK_HEADER = YES;
				CLANG_WARN_RANGE_LOOP_ANALYSIS = YES;
				CLANG_WARN_STRICT_PROTOTYPES = YES;
				CLANG_WARN_SUSPICIOUS_MOVE = YES;
				CLANG_WARN_UNGUARDED_AVAILABILITY = YES_AGGRESSIVE;
				CLANG_WARN_UNREACHABLE_CODE = YES;
				CLANG_WARN__DUPLICATE_METHOD_MATCH = YES;
				COPY_PHASE_STRIP = NO;
				DEBUG_INFORMATION_FORMAT = "dwarf-with-dsym";
				ENABLE_NS_ASSERTIONS = NO;
				ENABLE_STRICT_OBJC_MSGSEND = YES;
				GCC_C_LANGUAGE_STANDARD = gnu11;
				GCC_NO_COMMON_BLOCKS = YES;
				GCC_WARN_64_TO_32_BIT_CONVERSION = YES;
				GCC_WARN_ABOUT_RETURN_TYPE = YES_ERROR;
				GCC_WARN_UNDECLARED_SELECTOR = YES;
				GCC_WARN_UNINITIALIZED_AUTOS = YES_AGGRESSIVE;
				GCC_WARN_UNUSED_FUNCTION = YES;
				GCC_WARN_UNUSED_VARIABLE = YES;
				IPHONEOS_DEPLOYMENT_TARGET = 26.0;
				MTL_ENABLE_DEBUG_INFO = NO;
				MTL_FAST_MATH = YES;
				PRODUCT_NAME = "$(TARGET_NAME)";
				SDKROOT = iphoneos;
				SWIFT_COMPILATION_MODE = wholemodule;
				SWIFT_OPTIMIZATION_LEVEL = "-O";
				SWIFT_VERSION = 5.0;
			};
			name = Release;
		};
		AB704EE7169865E48A1126B2 /* Debug */ = {
			isa = XCBuildConfiguration;
			buildSettings = {
				ALWAYS_SEARCH_USER_PATHS = NO;
				CLANG_ANALYZER_NONNULL = YES;
				CLANG_ANALYZER_NUMBER_OBJECT_CONVERSION = YES_AGGRESSIVE;
				CLANG_CXX_LANGUAGE_STANDARD = "gnu++14";
				CLANG_CXX_LIBRARY = "libc++";
				CLANG_ENABLE_MODULES = YES;
				CLANG_ENABLE_OBJC_ARC = YES;
				CLANG_ENABLE_OBJC_WEAK = YES;
				CLANG_WARN_BLOCK_CAPTURE_AUTORELEASING = YES;
				CLANG_WARN_BOOL_CONVERSION = YES;
				CLANG_WARN_COMMA = YES;
				CLANG_WARN_CONSTANT_CONVERSION = YES;
				CLANG_WARN_DEPRECATED_OBJC_IMPLEMENTATIONS = YES;
				CLANG_WARN_DIRECT_OBJC_ISA_USAGE = YES_ERROR;
				CLANG_WARN_DOCUMENTATION_COMMENTS = YES;
				CLANG_WARN_EMPTY_BODY = YES;
				CLANG_WARN_ENUM_CONVERSION = YES;
				CLANG_WARN_INFINITE_RECURSION = YES;
				CLANG_WARN_INT_CONVERSION = YES;
				CLANG_WARN_NON_LITERAL_NULL_CONVERSION = YES;
				CLANG_WARN_OBJC_IMPLICIT_RETAIN_SELF = YES;
				CLANG_WARN_OBJC_LITERAL_CONVERSION = YES;
				CLANG_WARN_OBJC_ROOT_CLASS = YES_ERROR;
				CLANG_WARN_QUOTED_INCLUDE_IN_FRAMEWORK_HEADER = YES;
				CLANG_WARN_RANGE_LOOP_ANALYSIS = YES;
				CLANG_WARN_STRICT_PROTOTYPES = YES;
				CLANG_WARN_SUSPICIOUS_MOVE = YES;
				CLANG_WARN_UNGUARDED_AVAILABILITY = YES_AGGRESSIVE;
				CLANG_WARN_UNREACHABLE_CODE = YES;
				CLANG_WARN__DUPLICATE_METHOD_MATCH = YES;
				COPY_PHASE_STRIP = NO;
				DEBUG_INFORMATION_FORMAT = dwarf;
				ENABLE_STRICT_OBJC_MSGSEND = YES;
				ENABLE_TESTABILITY = YES;
				GCC_C_LANGUAGE_STANDARD = gnu11;
				GCC_DYNAMIC_NO_PIC = NO;
				GCC_NO_COMMON_BLOCKS = YES;
				GCC_OPTIMIZATION_LEVEL = 0;
				GCC_PREPROCESSOR_DEFINITIONS = (
					"$(inherited)",
					"DEBUG=1",
				);
				GCC_WARN_64_TO_32_BIT_CONVERSION = YES;
				GCC_WARN_ABOUT_RETURN_TYPE = YES_ERROR;
				GCC_WARN_UNDECLARED_SELECTOR = YES;
				GCC_WARN_UNINITIALIZED_AUTOS = YES_AGGRESSIVE;
				GCC_WARN_UNUSED_FUNCTION = YES;
				GCC_WARN_UNUSED_VARIABLE = YES;
				IPHONEOS_DEPLOYMENT_TARGET = 26.0;
				MTL_ENABLE_DEBUG_INFO = INCLUDE_SOURCE;
				MTL_FAST_MATH = YES;
				ONLY_ACTIVE_ARCH = YES;
				PRODUCT_NAME = "$(TARGET_NAME)";
				SDKROOT = iphoneos;
				SWIFT_ACTIVE_COMPILATION_CONDITIONS = DEBUG;
				SWIFT_OPTIMIZATION_LEVEL = "-Onone";
				SWIFT_VERSION = 5.0;
			};
			name = Debug;
		};
		C789547A27C9303E2B282624 /* Release */ = {
			isa = XCBuildConfiguration;
			buildSettings = {
				ASSETCATALOG_COMPILER_APPICON_NAME = AppIcon;
				CODE_SIGN_IDENTITY = "iPhone Developer";
				CURRENT_PROJECT_VERSION = 1;
				DEVELOPMENT_TEAM = "";
				INFOPLIST_FILE = Canary/Info.plist;
				LD_RUNPATH_SEARCH_PATHS = (
					"$(inherited)",
					"@executable_path/Frameworks",
				);
				MARKETING_VERSION = 1.0.0;
				PRODUCT_BUNDLE_IDENTIFIER = org.woong.canary;
				SDKROOT = iphoneos;
				SWIFT_VERSION = 6.0;
				TARGETED_DEVICE_FAMILY = "1,2";
			};
			name = Release;
		};
		F74B8B8804101E0B002EF3EB /* Debug */ = {
			isa = XCBuildConfiguration;
			buildSettings = {
				BUNDLE_LOADER = "$(TEST_HOST)";
				LD_RUNPATH_SEARCH_PATHS = (
					"$(inherited)",
					"@executable_path/Frameworks",
					"@loader_path/Frameworks",
				);
				PRODUCT_BUNDLE_IDENTIFIER = org.woong.canary.CanaryTests;
				SDKROOT = iphoneos;
				SWIFT_VERSION = 6.0;
				TARGETED_DEVICE_FAMILY = "1,2";
				TEST_HOST = "$(BUILT_PRODUCTS_DIR)/Canary.app/Canary";
			};
			name = Debug;
		};
/* End XCBuildConfiguration section */

/* Begin XCConfigurationList section */
		BB10E822D135F2B2C705CB27 /* Build configuration list for PBXNativeTarget "CanaryTests" */ = {
			isa = XCConfigurationList;
			buildConfigurations = (
				F74B8B8804101E0B002EF3EB /* Debug */,
				6F395CDEBFD0BE6E4083B94F /* Release */,
			);
			defaultConfigurationIsVisible = 0;
			defaultConfigurationName = Debug;
		};
		C8A67421C9BC1A3EC8ECE0DD /* Build configuration list for PBXProject "Canary" */ = {
			isa = XCConfigurationList;
			buildConfigurations = (
				AB704EE7169865E48A1126B2 /* Debug */,
				9B3AC3CB736E3E2316C3DC55 /* Release */,
			);
			defaultConfigurationIsVisible = 0;
			defaultConfigurationName = Debug;
		};
		E1B4491EAD06AFF498E24E84 /* Build configuration list for PBXNativeTarget "Canary" */ = {
			isa = XCConfigurationList;
			buildConfigurations = (
				2DB84029A9FAEF5101F31778 /* Debug */,
				C789547A27C9303E2B282624 /* Release */,
			);
			defaultConfigurationIsVisible = 0;
			defaultConfigurationName = Debug;
		};
/* End XCConfigurationList section */

/* Begin XCRemoteSwiftPackageReference section */
		69F1395E0C911A8DF691A4A3 /* XCRemoteSwiftPackageReference "CachingPlayerItem" */ = {
			isa = XCRemoteSwiftPackageReference;
			repositoryURL = "https://github.com/sukov/CachingPlayerItem";
			requirement = {
				kind = upToNextMajorVersion;
				minimumVersion = 2.2.0;
			};
		};
/* End XCRemoteSwiftPackageReference section */

/* Begin XCSwiftPackageProductDependency section */
		17815BE897ABD1B57BF82153 /* CachingPlayerItem */ = {
			isa = XCSwiftPackageProductDependency;
			package = 69F1395E0C911A8DF691A4A3 /* XCRemoteSwiftPackageReference "CachingPlayerItem" */;
			productName = CachingPlayerItem;
		};
/* End XCSwiftPackageProductDependency section */
	};
	rootObject = 75A328CC5EA57DA2FBFC4ECB /* Project object */;
}
